
Microsoft Visual Studio Solution File, Format Version 12.00
# Visual Studio Version 16
VisualStudioVersion = 16.0.31624.102
MinimumVisualStudioVersion = 10.0.40219.1
Project("{2150E333-8FDC-42A3-9474-1A3956D46DE8}") = "views", "views", "{D2BC8FA3-60D1-4CF7-9D52-B89D54383A11}"
	ProjectSection(SolutionItems) = preProject
		views\room.ejs = views\room.ejs
	EndProjectSection
EndProject
Project("{2150E333-8FDC-42A3-9474-1A3956D46DE8}") = "public", "public", "{18C977E4-DEA6-4DF7-9925-46A0E8F08D1A}"
	ProjectSection(SolutionItems) = preProject
		public\script.js = public\script.js
		public\style.css = public\style.css
	EndProjectSection
EndProject
Project("{2150E333-8FDC-42A3-9474-1A3956D46DE8}") = "Solution Items", "Solution Items", "{DB72B44B-DEB1-46B4-8CC1-44AF741B65BF}"
	ProjectSection(SolutionItems) = preProject
		package-lock.json = package-lock.json
		package.json = package.json
		Server.js = Server.js
	EndProjectSection
EndProject
Global
	GlobalSection(SolutionProperties) = preSolution
		HideSolutionNode = FALSE
	EndGlobalSection
	GlobalSection(ExtensibilityGlobals) = postSolution
		SolutionGuid = {4BB50F53-FE64-49DD-9BE3-3E4D0F8BF3D3}
	EndGlobalSection
EndGlobal
